{
  "name": "vscode-typescript-plugin-template-2",
  "requires": true,
  "lockfileVersion": 1,
  "dependencies": {
    "nanoid": {
      "version": "3.1.10",
      "resolved": "https://registry.npmjs.org/nanoid/-/nanoid-3.1.10.tgz",
      "integrity": "sha512-iZFMXKeXWkxzlfmMfM91gw7YhN2sdJtixY+eZh9V6QWJWTOiurhpKhBMgr82pfzgSqglQgqYSCowEYsz8D++6w==",
      "dev": true
    }
  }
}
